// !$*UTF8*$!
{
	archiveVersion = 1;
	classes = {
	};
	objectVersion = 56;
	objects = {

/* Begin PBXBuildFile section */
		7237087E2CAD827F00B5A577 /* WeightXApp.swift in Sources */ = {isa = PBXBuildFile; fileRef = 7237087D2CAD827F00B5A577 /* WeightXApp.swift */; };
		723708822CAD828200B5A577 /* Assets.xcassets in Resources */ = {isa = PBXBuildFile; fileRef = 723708812CAD828200B5A577 /* Assets.xcassets */; };
		723708852CAD828200B5A577 /* Preview Assets.xcassets in Resources */ = {isa = PBXBuildFile; fileRef = 723708842CAD828200B5A577 /* Preview Assets.xcassets */; };
		7237088F2CAD828200B5A577 /* WeightXTests.swift in Sources */ = {isa = PBXBuildFile; fileRef = 7237088E2CAD828200B5A577 /* WeightXTests.swift */; };
		723708992CAD828200B5A577 /* WeightXUITests.swift in Sources */ = {isa = PBXBuildFile; fileRef = 723708982CAD828200B5A577 /* WeightXUITests.swift */; };
		7237089B2CAD828200B5A577 /* WeightXUITestsLaunchTests.swift in Sources */ = {isa = PBXBuildFile; fileRef = 7237089A2CAD828200B5A577 /* WeightXUITestsLaunchTests.swift */; };
		723708AC2CAD967300B5A577 /* OnboardingView.swift in Sources */ = {isa = PBXBuildFile; fileRef = 723708AB2CAD967300B5A577 /* OnboardingView.swift */; };
		7240FE072CD3D7F3005B5E17 /* ProfileSettings1.swift in Sources */ = {isa = PBXBuildFile; fileRef = 7240FE062CD3D7F2005B5E17 /* ProfileSettings1.swift */; };
		7240FE092CD49F88005B5E17 /* ProfileSettings2.swift in Sources */ = {isa = PBXBuildFile; fileRef = 7240FE082CD49F88005B5E17 /* ProfileSettings2.swift */; };
		7240FE0B2CD49F98005B5E17 /* ProfileSettings3.swift in Sources */ = {isa = PBXBuildFile; fileRef = 7240FE0A2CD49F98005B5E17 /* ProfileSettings3.swift */; };
		7240FE0D2CD49FAB005B5E17 /* ProfileSettings4.swift in Sources */ = {isa = PBXBuildFile; fileRef = 7240FE0C2CD49FAB005B5E17 /* ProfileSettings4.swift */; };
		7240FE0F2CD49FC1005B5E17 /* ProfileSettings5.swift in Sources */ = {isa = PBXBuildFile; fileRef = 7240FE0E2CD49FC1005B5E17 /* ProfileSettings5.swift */; };
		7240FE112CD49FD0005B5E17 /* ProfileSettings6.swift in Sources */ = {isa = PBXBuildFile; fileRef = 7240FE102CD49FD0005B5E17 /* ProfileSettings6.swift */; };
		7240FE132CD5F889005B5E17 /* ContentView.swift in Sources */ = {isa = PBXBuildFile; fileRef = 7240FE122CD5F889005B5E17 /* ContentView.swift */; };
		727559032CAE57D8008932B6 /* FirebaseAnalytics in Frameworks */ = {isa = PBXBuildFile; productRef = 727559022CAE57D8008932B6 /* FirebaseAnalytics */; };
		727559052CAE57D8008932B6 /* FirebaseAuth in Frameworks */ = {isa = PBXBuildFile; productRef = 727559042CAE57D8008932B6 /* FirebaseAuth */; };
		727559072CAE57D8008932B6 /* FirebaseCore in Frameworks */ = {isa = PBXBuildFile; productRef = 727559062CAE57D8008932B6 /* FirebaseCore */; };
		727559092CAE57D8008932B6 /* FirebaseFirestore in Frameworks */ = {isa = PBXBuildFile; productRef = 727559082CAE57D8008932B6 /* FirebaseFirestore */; };
		7275590B2CAE57D8008932B6 /* FirebaseStorage in Frameworks */ = {isa = PBXBuildFile; productRef = 7275590A2CAE57D8008932B6 /* FirebaseStorage */; };
		727559142CB43056008932B6 /* GoogleSignIn in Frameworks */ = {isa = PBXBuildFile; productRef = 727559132CB43056008932B6 /* GoogleSignIn */; };
		727559162CB43056008932B6 /* GoogleSignInSwift in Frameworks */ = {isa = PBXBuildFile; productRef = 727559152CB43056008932B6 /* GoogleSignInSwift */; };
		727559242CB6B1A6008932B6 /* SignInWithAppleDelegate.swift in Sources */ = {isa = PBXBuildFile; fileRef = 727559232CB6B1A6008932B6 /* SignInWithAppleDelegate.swift */; };
		727559262CB98B6B008932B6 /* OTPView.swift in Sources */ = {isa = PBXBuildFile; fileRef = 727559252CB98B6B008932B6 /* OTPView.swift */; };
		727559282CB98B8A008932B6 /* HomeScreenView.swift in Sources */ = {isa = PBXBuildFile; fileRef = 727559272CB98B8A008932B6 /* HomeScreenView.swift */; };
		7275592A2CB98D72008932B6 /* AppDelegate.swift in Sources */ = {isa = PBXBuildFile; fileRef = 727559292CB98D72008932B6 /* AppDelegate.swift */; };
		72852F0E2CEE49ED000D341D /* AddWeightView.swift in Sources */ = {isa = PBXBuildFile; fileRef = 72852F0D2CEE49ED000D341D /* AddWeightView.swift */; };
		72852F102CEE52C5000D341D /* UserIntentOfApp.swift in Sources */ = {isa = PBXBuildFile; fileRef = 72852F0F2CEE52C5000D341D /* UserIntentOfApp.swift */; };
		72EF5D242CAD9D6E004C4C18 /* SignUpView.swift in Sources */ = {isa = PBXBuildFile; fileRef = 72EF5D232CAD9D6E004C4C18 /* SignUpView.swift */; };
		72EF5D262CADA0EC004C4C18 /* GoogleService-Info.plist in Resources */ = {isa = PBXBuildFile; fileRef = 72EF5D252CADA0EC004C4C18 /* GoogleService-Info.plist */; };
/* End PBXBuildFile section */

/* Begin PBXContainerItemProxy section */
		7237088B2CAD828200B5A577 /* PBXContainerItemProxy */ = {
			isa = PBXContainerItemProxy;
			containerPortal = 723708722CAD827F00B5A577 /* Project object */;
			proxyType = 1;
			remoteGlobalIDString = 723708792CAD827F00B5A577;
			remoteInfo = WeightX;
		};
		723708952CAD828200B5A577 /* PBXContainerItemProxy */ = {
			isa = PBXContainerItemProxy;
			containerPortal = 723708722CAD827F00B5A577 /* Project object */;
			proxyType = 1;
			remoteGlobalIDString = 723708792CAD827F00B5A577;
			remoteInfo = WeightX;
		};
/* End PBXContainerItemProxy section */

/* Begin PBXFileReference section */
		7237087D2CAD827F00B5A577 /* WeightXApp.swift */ = {isa = PBXFileReference; lastKnownFileType = sourcecode.swift; path = WeightXApp.swift; sourceTree = "<group>"; };
		723708812CAD828200B5A577 /* Assets.xcassets */ = {isa = PBXFileReference; lastKnownFileType = folder.assetcatalog; path = Assets.xcassets; sourceTree = "<group>"; };
		723708842CAD828200B5A577 /* Preview Assets.xcassets */ = {isa = PBXFileReference; lastKnownFileType = folder.assetcatalog; path = "Preview Assets.xcassets"; sourceTree = "<group>"; };
		7237088E2CAD828200B5A577 /* WeightXTests.swift */ = {isa = PBXFileReference; lastKnownFileType = sourcecode.swift; path = WeightXTests.swift; sourceTree = "<group>"; };
		723708982CAD828200B5A577 /* WeightXUITests.swift */ = {isa = PBXFileReference; lastKnownFileType = sourcecode.swift; path = WeightXUITests.swift; sourceTree = "<group>"; };
		7237089A2CAD828200B5A577 /* WeightXUITestsLaunchTests.swift */ = {isa = PBXFileReference; lastKnownFileType = sourcecode.swift; path = WeightXUITestsLaunchTests.swift; sourceTree = "<group>"; };
		723708AB2CAD967300B5A577 /* OnboardingView.swift */ = {isa = PBXFileReference; lastKnownFileType = sourcecode.swift; path = OnboardingView.swift; sourceTree = "<group>"; };
		7240FE062CD3D7F2005B5E17 /* ProfileSettings1.swift */ = {isa = PBXFileReference; lastKnownFileType = sourcecode.swift; path = ProfileSettings1.swift; sourceTree = "<group>"; };
		7240FE082CD49F88005B5E17 /* ProfileSettings2.swift */ = {isa = PBXFileReference; lastKnownFileType = sourcecode.swift; path = ProfileSettings2.swift; sourceTree = "<group>"; };
		7240FE0A2CD49F98005B5E17 /* ProfileSettings3.swift */ = {isa = PBXFileReference; lastKnownFileType = sourcecode.swift; path = ProfileSettings3.swift; sourceTree = "<group>"; };
		7240FE0C2CD49FAB005B5E17 /* ProfileSettings4.swift */ = {isa = PBXFileReference; lastKnownFileType = sourcecode.swift; path = ProfileSettings4.swift; sourceTree = "<group>"; };
		7240FE0E2CD49FC1005B5E17 /* ProfileSettings5.swift */ = {isa = PBXFileReference; lastKnownFileType = sourcecode.swift; path = ProfileSettings5.swift; sourceTree = "<group>"; };
		7240FE102CD49FD0005B5E17 /* ProfileSettings6.swift */ = {isa = PBXFileReference; lastKnownFileType = sourcecode.swift; path = ProfileSettings6.swift; sourceTree = "<group>"; };
		7240FE122CD5F889005B5E17 /* ContentView.swift */ = {isa = PBXFileReference; lastKnownFileType = sourcecode.swift; path = ContentView.swift; sourceTree = "<group>"; };
		727559172CB69BBD008932B6 /* WeightX.entitlements */ = {isa = PBXFileReference; lastKnownFileType = text.plist.entitlements; path = WeightX.entitlements; sourceTree = "<group>"; };
		727559182CB69BBD008932B6 /* WeightX.app */ = {isa = PBXFileReference; explicitFileType = wrapper.application; includeInIndex = 0; path = WeightX.app; sourceTree = BUILT_PRODUCTS_DIR; };
		727559232CB6B1A6008932B6 /* SignInWithAppleDelegate.swift */ = {isa = PBXFileReference; fileEncoding = 4; lastKnownFileType = sourcecode.swift; path = SignInWithAppleDelegate.swift; sourceTree = "<group>"; };
		727559252CB98B6B008932B6 /* OTPView.swift */ = {isa = PBXFileReference; lastKnownFileType = sourcecode.swift; path = OTPView.swift; sourceTree = "<group>"; };
		727559272CB98B8A008932B6 /* HomeScreenView.swift */ = {isa = PBXFileReference; lastKnownFileType = sourcecode.swift; path = HomeScreenView.swift; sourceTree = "<group>"; };
		727559292CB98D72008932B6 /* AppDelegate.swift */ = {isa = PBXFileReference; lastKnownFileType = sourcecode.swift; path = AppDelegate.swift; sourceTree = "<group>"; };
		72852F0B2CE4BAA0000D341D /* WeightXTests.xctest */ = {isa = PBXFileReference; explicitFileType = wrapper.cfbundle; includeInIndex = 0; path = WeightXTests.xctest; sourceTree = BUILT_PRODUCTS_DIR; };
		72852F0C2CE4BAA0000D341D /* WeightXUITests.xctest */ = {isa = PBXFileReference; explicitFileType = wrapper.cfbundle; includeInIndex = 0; path = WeightXUITests.xctest; sourceTree = BUILT_PRODUCTS_DIR; };
		72852F0D2CEE49ED000D341D /* AddWeightView.swift */ = {isa = PBXFileReference; lastKnownFileType = sourcecode.swift; path = AddWeightView.swift; sourceTree = "<group>"; };
		72852F0F2CEE52C5000D341D /* UserIntentOfApp.swift */ = {isa = PBXFileReference; lastKnownFileType = sourcecode.swift; path = UserIntentOfApp.swift; sourceTree = "<group>"; };
		72EF5D232CAD9D6E004C4C18 /* SignUpView.swift */ = {isa = PBXFileReference; lastKnownFileType = sourcecode.swift; path = SignUpView.swift; sourceTree = "<group>"; };
		72EF5D252CADA0EC004C4C18 /* GoogleService-Info.plist */ = {isa = PBXFileReference; fileEncoding = 4; lastKnownFileType = text.plist.xml; path = "GoogleService-Info.plist"; sourceTree = "<group>"; };
		72EF5D272CADB05A004C4C18 /* Info.plist */ = {isa = PBXFileReference; lastKnownFileType = text.plist; path = Info.plist; sourceTree = "<group>"; };
/* End PBXFileReference section */

/* Begin PBXFrameworksBuildPhase section */
		723708772CAD827F00B5A577 /* Frameworks */ = {
			isa = PBXFrameworksBuildPhase;
			buildActionMask = 2147483647;
			files = (
				727559032CAE57D8008932B6 /* FirebaseAnalytics in Frameworks */,
				727559092CAE57D8008932B6 /* FirebaseFirestore in Frameworks */,
				727559162CB43056008932B6 /* GoogleSignInSwift in Frameworks */,
				727559072CAE57D8008932B6 /* FirebaseCore in Frameworks */,
				7275590B2CAE57D8008932B6 /* FirebaseStorage in Frameworks */,
				727559052CAE57D8008932B6 /* FirebaseAuth in Frameworks */,
				727559142CB43056008932B6 /* GoogleSignIn in Frameworks */,
			);
			runOnlyForDeploymentPostprocessing = 0;
		};
		723708872CAD828200B5A577 /* Frameworks */ = {
			isa = PBXFrameworksBuildPhase;
			buildActionMask = 2147483647;
			files = (
			);
			runOnlyForDeploymentPostprocessing = 0;
		};
		723708912CAD828200B5A577 /* Frameworks */ = {
			isa = PBXFrameworksBuildPhase;
			buildActionMask = 2147483647;
			files = (
			);
			runOnlyForDeploymentPostprocessing = 0;
		};
/* End PBXFrameworksBuildPhase section */

/* Begin PBXGroup section */
		723708712CAD827F00B5A577 = {
			isa = PBXGroup;
			children = (
				7237087C2CAD827F00B5A577 /* WeightX */,
				7237088D2CAD828200B5A577 /* WeightXTests */,
				723708972CAD828200B5A577 /* WeightXUITests */,
				727559182CB69BBD008932B6 /* WeightX.app */,
				72852F0B2CE4BAA0000D341D /* WeightXTests.xctest */,
				72852F0C2CE4BAA0000D341D /* WeightXUITests.xctest */,
			);
			sourceTree = "<group>";
		};
		7237087C2CAD827F00B5A577 /* WeightX */ = {
			isa = PBXGroup;
			children = (
				727559172CB69BBD008932B6 /* WeightX.entitlements */,
				72EF5D272CADB05A004C4C18 /* Info.plist */,
				7237087D2CAD827F00B5A577 /* WeightXApp.swift */,
				72852F0F2CEE52C5000D341D /* UserIntentOfApp.swift */,
				7240FE122CD5F889005B5E17 /* ContentView.swift */,
				723708AB2CAD967300B5A577 /* OnboardingView.swift */,
				727559292CB98D72008932B6 /* AppDelegate.swift */,
				727559232CB6B1A6008932B6 /* SignInWithAppleDelegate.swift */,
				72EF5D232CAD9D6E004C4C18 /* SignUpView.swift */,
				727559252CB98B6B008932B6 /* OTPView.swift */,
				7240FE062CD3D7F2005B5E17 /* ProfileSettings1.swift */,
				7240FE082CD49F88005B5E17 /* ProfileSettings2.swift */,
				7240FE0A2CD49F98005B5E17 /* ProfileSettings3.swift */,
				7240FE0C2CD49FAB005B5E17 /* ProfileSettings4.swift */,
				7240FE0E2CD49FC1005B5E17 /* ProfileSettings5.swift */,
				7240FE102CD49FD0005B5E17 /* ProfileSettings6.swift */,
				727559272CB98B8A008932B6 /* HomeScreenView.swift */,
				72852F0D2CEE49ED000D341D /* AddWeightView.swift */,
				723708812CAD828200B5A577 /* Assets.xcassets */,
				72EF5D252CADA0EC004C4C18 /* GoogleService-Info.plist */,
				723708832CAD828200B5A577 /* Preview Content */,
			);
			path = WeightX;
			sourceTree = "<group>";
		};
		723708832CAD828200B5A577 /* Preview Content */ = {
			isa = PBXGroup;
			children = (
				723708842CAD828200B5A577 /* Preview Assets.xcassets */,
			);
			path = "Preview Content";
			sourceTree = "<group>";
		};
		7237088D2CAD828200B5A577 /* WeightXTests */ = {
			isa = PBXGroup;
			children = (
				7237088E2CAD828200B5A577 /* WeightXTests.swift */,
			);
			path = WeightXTests;
			sourceTree = "<group>";
		};
		723708972CAD828200B5A577 /* WeightXUITests */ = {
			isa = PBXGroup;
			children = (
				723708982CAD828200B5A577 /* WeightXUITests.swift */,
				7237089A2CAD828200B5A577 /* WeightXUITestsLaunchTests.swift */,
			);
			path = WeightXUITests;
			sourceTree = "<group>";
		};
/* End PBXGroup section */

/* Begin PBXNativeTarget section */
		723708792CAD827F00B5A577 /* WeightX */ = {
			isa = PBXNativeTarget;
			buildConfigurationList = 7237089E2CAD828200B5A577 /* Build configuration list for PBXNativeTarget "WeightX" */;
			buildPhases = (
				723708762CAD827F00B5A577 /* Sources */,
				723708772CAD827F00B5A577 /* Frameworks */,
				723708782CAD827F00B5A577 /* Resources */,
			);
			buildRules = (
			);
			dependencies = (
			);
			name = WeightX;
			packageProductDependencies = (
				727559022CAE57D8008932B6 /* FirebaseAnalytics */,
				727559042CAE57D8008932B6 /* FirebaseAuth */,
				727559062CAE57D8008932B6 /* FirebaseCore */,
				727559082CAE57D8008932B6 /* FirebaseFirestore */,
				7275590A2CAE57D8008932B6 /* FirebaseStorage */,
				727559132CB43056008932B6 /* GoogleSignIn */,
				727559152CB43056008932B6 /* GoogleSignInSwift */,
			);
			productName = WeightX;
			productReference = 727559182CB69BBD008932B6 /* WeightX.app */;
			productType = "com.apple.product-type.application";
		};
		723708892CAD828200B5A577 /* WeightXTests */ = {
			isa = PBXNativeTarget;
			buildConfigurationList = 723708A12CAD828200B5A577 /* Build configuration list for PBXNativeTarget "WeightXTests" */;
			buildPhases = (
				723708862CAD828200B5A577 /* Sources */,
				723708872CAD828200B5A577 /* Frameworks */,
				723708882CAD828200B5A577 /* Resources */,
			);
			buildRules = (
			);
			dependencies = (
				7237088C2CAD828200B5A577 /* PBXTargetDependency */,
			);
			name = WeightXTests;
			productName = WeightXTests;
			productReference = 72852F0B2CE4BAA0000D341D /* WeightXTests.xctest */;
			productType = "com.apple.product-type.bundle.unit-test";
		};
		723708932CAD828200B5A577 /* WeightXUITests */ = {
			isa = PBXNativeTarget;
			buildConfigurationList = 723708A42CAD828200B5A577 /* Build configuration list for PBXNativeTarget "WeightXUITests" */;
			buildPhases = (
				723708902CAD828200B5A577 /* Sources */,
				723708912CAD828200B5A577 /* Frameworks */,
				723708922CAD828200B5A577 /* Resources */,
			);
			buildRules = (
			);
			dependencies = (
				723708962CAD828200B5A577 /* PBXTargetDependency */,
			);
			name = WeightXUITests;
			productName = WeightXUITests;
			productReference = 72852F0C2CE4BAA0000D341D /* WeightXUITests.xctest */;
			productType = "com.apple.product-type.bundle.ui-testing";
		};
/* End PBXNativeTarget section */

/* Begin PBXProject section */
		723708722CAD827F00B5A577 /* Project object */ = {
			isa = PBXProject;
			attributes = {
				BuildIndependentTargetsInParallel = 1;
				LastSwiftUpdateCheck = 1500;
				LastUpgradeCheck = 1500;
				TargetAttributes = {
					723708792CAD827F00B5A577 = {
						CreatedOnToolsVersion = 15.0.1;
					};
					723708892CAD828200B5A577 = {
						CreatedOnToolsVersion = 15.0.1;
						TestTargetID = 723708792CAD827F00B5A577;
					};
					723708932CAD828200B5A577 = {
						CreatedOnToolsVersion = 15.0.1;
						TestTargetID = 723708792CAD827F00B5A577;
					};
				};
			};
			buildConfigurationList = 723708752CAD827F00B5A577 /* Build configuration list for PBXProject "WeightX" */;
			compatibilityVersion = "Xcode 14.0";
			developmentRegion = en;
			hasScannedForEncodings = 0;
			knownRegions = (
				en,
				Base,
			);
			mainGroup = 723708712CAD827F00B5A577;
			packageReferences = (
				727558BA2CADC42F008932B6 /* XCRemoteSwiftPackageReference "AppAuth-iOS" */,
				727558BB2CADC681008932B6 /* XCRemoteSwiftPackageReference "PromiseKit" */,
				727558BE2CADC7ED008932B6 /* XCRemoteSwiftPackageReference "firebase-ios-sdk" */,
				7275590F2CB42EEB008932B6 /* XCRemoteSwiftPackageReference "GoogleSignIn-iOS" */,
			);
			productRefGroup = 723708712CAD827F00B5A577;
			projectDirPath = "";
			projectRoot = "";
			targets = (
				723708792CAD827F00B5A577 /* WeightX */,
				723708892CAD828200B5A577 /* WeightXTests */,
				723708932CAD828200B5A577 /* WeightXUITests */,
			);
		};
/* End PBXProject section */

/* Begin PBXResourcesBuildPhase section */
		723708782CAD827F00B5A577 /* Resources */ = {
			isa = PBXResourcesBuildPhase;
			buildActionMask = 2147483647;
			files = (
				723708852CAD828200B5A577 /* Preview Assets.xcassets in Resources */,
				72EF5D262CADA0EC004C4C18 /* GoogleService-Info.plist in Resources */,
				723708822CAD828200B5A577 /* Assets.xcassets in Resources */,
			);
			runOnlyForDeploymentPostprocessing = 0;
		};
		723708882CAD828200B5A577 /* Resources */ = {
			isa = PBXResourcesBuildPhase;
			buildActionMask = 2147483647;
			files = (
			);
			runOnlyForDeploymentPostprocessing = 0;
		};
		723708922CAD828200B5A577 /* Resources */ = {
			isa = PBXResourcesBuildPhase;
			buildActionMask = 2147483647;
			files = (
			);
			runOnlyForDeploymentPostprocessing = 0;
		};
/* End PBXResourcesBuildPhase section */

/* Begin PBXSourcesBuildPhase section */
		723708762CAD827F00B5A577 /* Sources */ = {
			isa = PBXSourcesBuildPhase;
			buildActionMask = 2147483647;
			files = (
				723708AC2CAD967300B5A577 /* OnboardingView.swift in Sources */,
				7240FE072CD3D7F3005B5E17 /* ProfileSettings1.swift in Sources */,
				7240FE132CD5F889005B5E17 /* ContentView.swift in Sources */,
				7240FE0D2CD49FAB005B5E17 /* ProfileSettings4.swift in Sources */,
				7240FE0B2CD49F98005B5E17 /* ProfileSettings3.swift in Sources */,
				727559262CB98B6B008932B6 /* OTPView.swift in Sources */,
				727559242CB6B1A6008932B6 /* SignInWithAppleDelegate.swift in Sources */,
				72852F102CEE52C5000D341D /* UserIntentOfApp.swift in Sources */,
				72852F0E2CEE49ED000D341D /* AddWeightView.swift in Sources */,
				7240FE112CD49FD0005B5E17 /* ProfileSettings6.swift in Sources */,
				727559282CB98B8A008932B6 /* HomeScreenView.swift in Sources */,
				7275592A2CB98D72008932B6 /* AppDelegate.swift in Sources */,
				7240FE0F2CD49FC1005B5E17 /* ProfileSettings5.swift in Sources */,
				72EF5D242CAD9D6E004C4C18 /* SignUpView.swift in Sources */,
				7237087E2CAD827F00B5A577 /* WeightXApp.swift in Sources */,
				7240FE092CD49F88005B5E17 /* ProfileSettings2.swift in Sources */,
			);
			runOnlyForDeploymentPostprocessing = 0;
		};
		723708862CAD828200B5A577 /* Sources */ = {
			isa = PBXSourcesBuildPhase;
			buildActionMask = 2147483647;
			files = (
				7237088F2CAD828200B5A577 /* WeightXTests.swift in Sources */,
			);
			runOnlyForDeploymentPostprocessing = 0;
		};
		723708902CAD828200B5A577 /* Sources */ = {
			isa = PBXSourcesBuildPhase;
			buildActionMask = 2147483647;
			files = (
				723708992CAD828200B5A577 /* WeightXUITests.swift in Sources */,
				7237089B2CAD828200B5A577 /* WeightXUITestsLaunchTests.swift in Sources */,
			);
			runOnlyForDeploymentPostprocessing = 0;
		};
/* End PBXSourcesBuildPhase section */

/* Begin PBXTargetDependency section */
		7237088C2CAD828200B5A577 /* PBXTargetDependency */ = {
			isa = PBXTargetDependency;
			target = 723708792CAD827F00B5A577 /* WeightX */;
			targetProxy = 7237088B2CAD828200B5A577 /* PBXContainerItemProxy */;
		};
		723708962CAD828200B5A577 /* PBXTargetDependency */ = {
			isa = PBXTargetDependency;
			target = 723708792CAD827F00B5A577 /* WeightX */;
			targetProxy = 723708952CAD828200B5A577 /* PBXContainerItemProxy */;
		};
/* End PBXTargetDependency section */

/* Begin XCBuildConfiguration section */
		7237089C2CAD828200B5A577 /* Debug */ = {
			isa = XCBuildConfiguration;
			buildSettings = {
				ALWAYS_SEARCH_USER_PATHS = NO;
				ASSETCATALOG_COMPILER_GENERATE_SWIFT_ASSET_SYMBOL_EXTENSIONS = YES;
				CLANG_ANALYZER_NONNULL = YES;
				CLANG_ANALYZER_NUMBER_OBJECT_CONVERSION = YES_AGGRESSIVE;
				CLANG_CXX_LANGUAGE_STANDARD = "gnu++20";
				CLANG_ENABLE_MODULES = YES;
				CLANG_ENABLE_OBJC_ARC = YES;
				CLANG_ENABLE_OBJC_WEAK = YES;
				CLANG_WARN_BLOCK_CAPTURE_AUTORELEASING = YES;
				CLANG_WARN_BOOL_CONVERSION = YES;
				CLANG_WARN_COMMA = YES;
				CLANG_WARN_CONSTANT_CONVERSION = YES;
				CLANG_WARN_DEPRECATED_OBJC_IMPLEMENTATIONS = YES;
				CLANG_WARN_DIRECT_OBJC_ISA_USAGE = YES_ERROR;
				CLANG_WARN_DOCUMENTATION_COMMENTS = YES;
				CLANG_WARN_EMPTY_BODY = YES;
				CLANG_WARN_ENUM_CONVERSION = YES;
				CLANG_WARN_INFINITE_RECURSION = YES;
				CLANG_WARN_INT_CONVERSION = YES;
				CLANG_WARN_NON_LITERAL_NULL_CONVERSION = YES;
				CLANG_WARN_OBJC_IMPLICIT_RETAIN_SELF = YES;
				CLANG_WARN_OBJC_LITERAL_CONVERSION = YES;
				CLANG_WARN_OBJC_ROOT_CLASS = YES_ERROR;
				CLANG_WARN_QUOTED_INCLUDE_IN_FRAMEWORK_HEADER = YES;
				CLANG_WARN_RANGE_LOOP_ANALYSIS = YES;
				CLANG_WARN_STRICT_PROTOTYPES = YES;
				CLANG_WARN_SUSPICIOUS_MOVE = YES;
				CLANG_WARN_UNGUARDED_AVAILABILITY = YES_AGGRESSIVE;
				CLANG_WARN_UNREACHABLE_CODE = YES;
				CLANG_WARN__DUPLICATE_METHOD_MATCH = YES;
				COPY_PHASE_STRIP = NO;
				DEBUG_INFORMATION_FORMAT = dwarf;
				ENABLE_STRICT_OBJC_MSGSEND = YES;
				ENABLE_TESTABILITY = YES;
				ENABLE_USER_SCRIPT_SANDBOXING = YES;
				GCC_C_LANGUAGE_STANDARD = gnu17;
				GCC_DYNAMIC_NO_PIC = NO;
				GCC_NO_COMMON_BLOCKS = YES;
				GCC_OPTIMIZATION_LEVEL = 0;
				GCC_PREPROCESSOR_DEFINITIONS = (
					"DEBUG=1",
					"$(inherited)",
				);
				GCC_WARN_64_TO_32_BIT_CONVERSION = YES;
				GCC_WARN_ABOUT_RETURN_TYPE = YES_ERROR;
				GCC_WARN_UNDECLARED_SELECTOR = YES;
				GCC_WARN_UNINITIALIZED_AUTOS = YES_AGGRESSIVE;
				GCC_WARN_UNUSED_FUNCTION = YES;
				GCC_WARN_UNUSED_VARIABLE = YES;
				IPHONEOS_DEPLOYMENT_TARGET = 17.0;
				LOCALIZATION_PREFERS_STRING_CATALOGS = YES;
				MTL_ENABLE_DEBUG_INFO = INCLUDE_SOURCE;
				MTL_FAST_MATH = YES;
				ONLY_ACTIVE_ARCH = YES;
				SDKROOT = iphoneos;
				SWIFT_ACTIVE_COMPILATION_CONDITIONS = "DEBUG $(inherited)";
				SWIFT_OPTIMIZATION_LEVEL = "-Onone";
			};
			name = Debug;
		};
		7237089D2CAD828200B5A577 /* Release */ = {
			isa = XCBuildConfiguration;
			buildSettings = {
				ALWAYS_SEARCH_USER_PATHS = NO;
				ASSETCATALOG_COMPILER_GENERATE_SWIFT_ASSET_SYMBOL_EXTENSIONS = YES;
				CLANG_ANALYZER_NONNULL = YES;
				CLANG_ANALYZER_NUMBER_OBJECT_CONVERSION = YES_AGGRESSIVE;
				CLANG_CXX_LANGUAGE_STANDARD = "gnu++20";
				CLANG_ENABLE_MODULES = YES;
				CLANG_ENABLE_OBJC_ARC = YES;
				CLANG_ENABLE_OBJC_WEAK = YES;
				CLANG_WARN_BLOCK_CAPTURE_AUTORELEASING = YES;
				CLANG_WARN_BOOL_CONVERSION = YES;
				CLANG_WARN_COMMA = YES;
				CLANG_WARN_CONSTANT_CONVERSION = YES;
				CLANG_WARN_DEPRECATED_OBJC_IMPLEMENTATIONS = YES;
				CLANG_WARN_DIRECT_OBJC_ISA_USAGE = YES_ERROR;
				CLANG_WARN_DOCUMENTATION_COMMENTS = YES;
				CLANG_WARN_EMPTY_BODY = YES;
				CLANG_WARN_ENUM_CONVERSION = YES;
				CLANG_WARN_INFINITE_RECURSION = YES;
				CLANG_WARN_INT_CONVERSION = YES;
				CLANG_WARN_NON_LITERAL_NULL_CONVERSION = YES;
				CLANG_WARN_OBJC_IMPLICIT_RETAIN_SELF = YES;
				CLANG_WARN_OBJC_LITERAL_CONVERSION = YES;
				CLANG_WARN_OBJC_ROOT_CLASS = YES_ERROR;
				CLANG_WARN_QUOTED_INCLUDE_IN_FRAMEWORK_HEADER = YES;
				CLANG_WARN_RANGE_LOOP_ANALYSIS = YES;
				CLANG_WARN_STRICT_PROTOTYPES = YES;
				CLANG_WARN_SUSPICIOUS_MOVE = YES;
				CLANG_WARN_UNGUARDED_AVAILABILITY = YES_AGGRESSIVE;
				CLANG_WARN_UNREACHABLE_CODE = YES;
				CLANG_WARN__DUPLICATE_METHOD_MATCH = YES;
				COPY_PHASE_STRIP = NO;
				DEBUG_INFORMATION_FORMAT = "dwarf-with-dsym";
				ENABLE_NS_ASSERTIONS = NO;
				ENABLE_STRICT_OBJC_MSGSEND = YES;
				ENABLE_USER_SCRIPT_SANDBOXING = YES;
				GCC_C_LANGUAGE_STANDARD = gnu17;
				GCC_NO_COMMON_BLOCKS = YES;
				GCC_WARN_64_TO_32_BIT_CONVERSION = YES;
				GCC_WARN_ABOUT_RETURN_TYPE = YES_ERROR;
				GCC_WARN_UNDECLARED_SELECTOR = YES;
				GCC_WARN_UNINITIALIZED_AUTOS = YES_AGGRESSIVE;
				GCC_WARN_UNUSED_FUNCTION = YES;
				GCC_WARN_UNUSED_VARIABLE = YES;
				IPHONEOS_DEPLOYMENT_TARGET = 17.0;
				LOCALIZATION_PREFERS_STRING_CATALOGS = YES;
				MTL_ENABLE_DEBUG_INFO = NO;
				MTL_FAST_MATH = YES;
				SDKROOT = iphoneos;
				SWIFT_COMPILATION_MODE = wholemodule;
				VALIDATE_PRODUCT = YES;
			};
			name = Release;
		};
		7237089F2CAD828200B5A577 /* Debug */ = {
			isa = XCBuildConfiguration;
			buildSettings = {
				ASSETCATALOG_COMPILER_APPICON_NAME = AppIcon;
				ASSETCATALOG_COMPILER_GLOBAL_ACCENT_COLOR_NAME = AccentColor;
				CODE_SIGN_ENTITLEMENTS = WeightX/WeightX.entitlements;
				CODE_SIGN_STYLE = Automatic;
				CURRENT_PROJECT_VERSION = 1;
				DEVELOPMENT_ASSET_PATHS = "\"WeightX/Preview Content\"";
				DEVELOPMENT_TEAM = 3W37J33N79;
				ENABLE_PREVIEWS = YES;
				GENERATE_INFOPLIST_FILE = YES;
				INFOPLIST_FILE = WeightX/Info.plist;
				INFOPLIST_KEY_LSApplicationCategoryType = "public.app-category.healthcare-fitness";
				INFOPLIST_KEY_UIApplicationSceneManifest_Generation = YES;
				INFOPLIST_KEY_UIApplicationSupportsIndirectInputEvents = YES;
				INFOPLIST_KEY_UILaunchScreen_Generation = YES;
				INFOPLIST_KEY_UISupportedInterfaceOrientations_iPad = "UIInterfaceOrientationPortrait UIInterfaceOrientationPortraitUpsideDown UIInterfaceOrientationLandscapeLeft UIInterfaceOrientationLandscapeRight";
				INFOPLIST_KEY_UISupportedInterfaceOrientations_iPhone = "UIInterfaceOrientationPortrait UIInterfaceOrientationLandscapeLeft UIInterfaceOrientationLandscapeRight";
				LD_RUNPATH_SEARCH_PATHS = (
					"$(inherited)",
					"@executable_path/Frameworks",
				);
				MARKETING_VERSION = 1.0;
				PRODUCT_BUNDLE_IDENTIFIER = com.rubixcubeinitiatives.weighttracker;
				PRODUCT_NAME = "$(TARGET_NAME)";
				SWIFT_EMIT_LOC_STRINGS = YES;
				SWIFT_VERSION = 5.0;
				TARGETED_DEVICE_FAMILY = "1,2";
			};
			name = Debug;
		};
		723708A02CAD828200B5A577 /* Release */ = {
			isa = XCBuildConfiguration;
			buildSettings = {
				ASSETCATALOG_COMPILER_APPICON_NAME = AppIcon;
				ASSETCATALOG_COMPILER_GLOBAL_ACCENT_COLOR_NAME = AccentColor;
				CODE_SIGN_ENTITLEMENTS = WeightX/WeightX.entitlements;
				CODE_SIGN_STYLE = Automatic;
				CURRENT_PROJECT_VERSION = 1;
				DEVELOPMENT_ASSET_PATHS = "\"WeightX/Preview Content\"";
				DEVELOPMENT_TEAM = 3W37J33N79;
				ENABLE_PREVIEWS = YES;
				GENERATE_INFOPLIST_FILE = YES;
				INFOPLIST_FILE = WeightX/Info.plist;
				INFOPLIST_KEY_LSApplicationCategoryType = "public.app-category.healthcare-fitness";
				INFOPLIST_KEY_UIApplicationSceneManifest_Generation = YES;
				INFOPLIST_KEY_UIApplicationSupportsIndirectInputEvents = YES;
				INFOPLIST_KEY_UILaunchScreen_Generation = YES;
				INFOPLIST_KEY_UISupportedInterfaceOrientations_iPad = "UIInterfaceOrientationPortrait UIInterfaceOrientationPortraitUpsideDown UIInterfaceOrientationLandscapeLeft UIInterfaceOrientationLandscapeRight";
				INFOPLIST_KEY_UISupportedInterfaceOrientations_iPhone = "UIInterfaceOrientationPortrait UIInterfaceOrientationLandscapeLeft UIInterfaceOrientationLandscapeRight";
				LD_RUNPATH_SEARCH_PATHS = (
					"$(inherited)",
					"@executable_path/Frameworks",
				);
				MARKETING_VERSION = 1.0;
				PRODUCT_BUNDLE_IDENTIFIER = com.rubixcubeinitiatives.weighttracker;
				PRODUCT_NAME = "$(TARGET_NAME)";
				SWIFT_EMIT_LOC_STRINGS = YES;
				SWIFT_VERSION = 5.0;
				TARGETED_DEVICE_FAMILY = "1,2";
			};
			name = Release;
		};
		723708A22CAD828200B5A577 /* Debug */ = {
			isa = XCBuildConfiguration;
			buildSettings = {
				ALWAYS_EMBED_SWIFT_STANDARD_LIBRARIES = YES;
				BUNDLE_LOADER = "$(TEST_HOST)";
				CODE_SIGN_STYLE = Automatic;
				CURRENT_PROJECT_VERSION = 1;
				DEVELOPMENT_TEAM = 3W37J33N79;
				GENERATE_INFOPLIST_FILE = YES;
				IPHONEOS_DEPLOYMENT_TARGET = 17.0;
				MARKETING_VERSION = 1.0;
				PRODUCT_BUNDLE_IDENTIFIER = com.orbitshiftingideas.fithabit.WeightXTests;
				PRODUCT_NAME = "$(TARGET_NAME)";
				SWIFT_EMIT_LOC_STRINGS = NO;
				SWIFT_VERSION = 5.0;
				TARGETED_DEVICE_FAMILY = "1,2";
				TEST_HOST = "$(BUILT_PRODUCTS_DIR)/WeightX.app/$(BUNDLE_EXECUTABLE_FOLDER_PATH)/WeightX";
			};
			name = Debug;
		};
		723708A32CAD828200B5A577 /* Release */ = {
			isa = XCBuildConfiguration;
			buildSettings = {
				ALWAYS_EMBED_SWIFT_STANDARD_LIBRARIES = YES;
				BUNDLE_LOADER = "$(TEST_HOST)";
				CODE_SIGN_STYLE = Automatic;
				CURRENT_PROJECT_VERSION = 1;
				DEVELOPMENT_TEAM = 3W37J33N79;
				GENERATE_INFOPLIST_FILE = YES;
				IPHONEOS_DEPLOYMENT_TARGET = 17.0;
				MARKETING_VERSION = 1.0;
				PRODUCT_BUNDLE_IDENTIFIER = com.orbitshiftingideas.fithabit.WeightXTests;
				PRODUCT_NAME = "$(TARGET_NAME)";
				SWIFT_EMIT_LOC_STRINGS = NO;
				SWIFT_VERSION = 5.0;
				TARGETED_DEVICE_FAMILY = "1,2";
				TEST_HOST = "$(BUILT_PRODUCTS_DIR)/WeightX.app/$(BUNDLE_EXECUTABLE_FOLDER_PATH)/WeightX";
			};
			name = Release;
		};
		723708A52CAD828200B5A577 /* Debug */ = {
			isa = XCBuildConfiguration;
			buildSettings = {
				ALWAYS_EMBED_SWIFT_STANDARD_LIBRARIES = YES;
				CODE_SIGN_STYLE = Automatic;
				CURRENT_PROJECT_VERSION = 1;
				DEVELOPMENT_TEAM = 3W37J33N79;
				GENERATE_INFOPLIST_FILE = YES;
				MARKETING_VERSION = 1.0;
				PRODUCT_BUNDLE_IDENTIFIER = com.orbitshiftingideas.fithabit.WeightXUITests;
				PRODUCT_NAME = "$(TARGET_NAME)";
				SWIFT_EMIT_LOC_STRINGS = NO;
				SWIFT_VERSION = 5.0;
				TARGETED_DEVICE_FAMILY = "1,2";
				TEST_TARGET_NAME = WeightX;
			};
			name = Debug;
		};
		723708A62CAD828200B5A577 /* Release */ = {
			isa = XCBuildConfiguration;
			buildSettings = {
				ALWAYS_EMBED_SWIFT_STANDARD_LIBRARIES = YES;
				CODE_SIGN_STYLE = Automatic;
				CURRENT_PROJECT_VERSION = 1;
				DEVELOPMENT_TEAM = 3W37J33N79;
				GENERATE_INFOPLIST_FILE = YES;
				MARKETING_VERSION = 1.0;
				PRODUCT_BUNDLE_IDENTIFIER = com.orbitshiftingideas.fithabit.WeightXUITests;
				PRODUCT_NAME = "$(TARGET_NAME)";
				SWIFT_EMIT_LOC_STRINGS = NO;
				SWIFT_VERSION = 5.0;
				TARGETED_DEVICE_FAMILY = "1,2";
				TEST_TARGET_NAME = WeightX;
			};
			name = Release;
		};
/* End XCBuildConfiguration section */

/* Begin XCConfigurationList section */
		723708752CAD827F00B5A577 /* Build configuration list for PBXProject "WeightX" */ = {
			isa = XCConfigurationList;
			buildConfigurations = (
				7237089C2CAD828200B5A577 /* Debug */,
				7237089D2CAD828200B5A577 /* Release */,
			);
			defaultConfigurationIsVisible = 0;
			defaultConfigurationName = Release;
		};
		7237089E2CAD828200B5A577 /* Build configuration list for PBXNativeTarget "WeightX" */ = {
			isa = XCConfigurationList;
			buildConfigurations = (
				7237089F2CAD828200B5A577 /* Debug */,
				723708A02CAD828200B5A577 /* Release */,
			);
			defaultConfigurationIsVisible = 0;
			defaultConfigurationName = Release;
		};
		723708A12CAD828200B5A577 /* Build configuration list for PBXNativeTarget "WeightXTests" */ = {
			isa = XCConfigurationList;
			buildConfigurations = (
				723708A22CAD828200B5A577 /* Debug */,
				723708A32CAD828200B5A577 /* Release */,
			);
			defaultConfigurationIsVisible = 0;
			defaultConfigurationName = Release;
		};
		723708A42CAD828200B5A577 /* Build configuration list for PBXNativeTarget "WeightXUITests" */ = {
			isa = XCConfigurationList;
			buildConfigurations = (
				723708A52CAD828200B5A577 /* Debug */,
				723708A62CAD828200B5A577 /* Release */,
			);
			defaultConfigurationIsVisible = 0;
			defaultConfigurationName = Release;
		};
/* End XCConfigurationList section */

/* Begin XCRemoteSwiftPackageReference section */
		727558BA2CADC42F008932B6 /* XCRemoteSwiftPackageReference "AppAuth-iOS" */ = {
			isa = XCRemoteSwiftPackageReference;
			repositoryURL = "https://github.com/openid/AppAuth-iOS";
			requirement = {
				kind = upToNextMajorVersion;
				minimumVersion = 1.7.5;
			};
		};
		727558BB2CADC681008932B6 /* XCRemoteSwiftPackageReference "PromiseKit" */ = {
			isa = XCRemoteSwiftPackageReference;
			repositoryURL = "https://github.com/mxcl/PromiseKit.git";
			requirement = {
				kind = upToNextMajorVersion;
				minimumVersion = 8.1.2;
			};
		};
		727558BE2CADC7ED008932B6 /* XCRemoteSwiftPackageReference "firebase-ios-sdk" */ = {
			isa = XCRemoteSwiftPackageReference;
			repositoryURL = "https://github.com/firebase/firebase-ios-sdk.git";
			requirement = {
				kind = upToNextMajorVersion;
				minimumVersion = 11.3.0;
			};
		};
		7275590F2CB42EEB008932B6 /* XCRemoteSwiftPackageReference "GoogleSignIn-iOS" */ = {
			isa = XCRemoteSwiftPackageReference;
			repositoryURL = "https://github.com/google/GoogleSignIn-iOS";
			requirement = {
				kind = upToNextMajorVersion;
				minimumVersion = 8.0.0;
			};
		};
/* End XCRemoteSwiftPackageReference section */

/* Begin XCSwiftPackageProductDependency section */
		727559022CAE57D8008932B6 /* FirebaseAnalytics */ = {
			isa = XCSwiftPackageProductDependency;
			package = 727558BE2CADC7ED008932B6 /* XCRemoteSwiftPackageReference "firebase-ios-sdk" */;
			productName = FirebaseAnalytics;
		};
		727559042CAE57D8008932B6 /* FirebaseAuth */ = {
			isa = XCSwiftPackageProductDependency;
			package = 727558BE2CADC7ED008932B6 /* XCRemoteSwiftPackageReference "firebase-ios-sdk" */;
			productName = FirebaseAuth;
		};
		727559062CAE57D8008932B6 /* FirebaseCore */ = {
			isa = XCSwiftPackageProductDependency;
			package = 727558BE2CADC7ED008932B6 /* XCRemoteSwiftPackageReference "firebase-ios-sdk" */;
			productName = FirebaseCore;
		};
		727559082CAE57D8008932B6 /* FirebaseFirestore */ = {
			isa = XCSwiftPackageProductDependency;
			package = 727558BE2CADC7ED008932B6 /* XCRemoteSwiftPackageReference "firebase-ios-sdk" */;
			productName = FirebaseFirestore;
		};
		7275590A2CAE57D8008932B6 /* FirebaseStorage */ = {
			isa = XCSwiftPackageProductDependency;
			package = 727558BE2CADC7ED008932B6 /* XCRemoteSwiftPackageReference "firebase-ios-sdk" */;
			productName = FirebaseStorage;
		};
		727559132CB43056008932B6 /* GoogleSignIn */ = {
			isa = XCSwiftPackageProductDependency;
			package = 7275590F2CB42EEB008932B6 /* XCRemoteSwiftPackageReference "GoogleSignIn-iOS" */;
			productName = GoogleSignIn;
		};
		727559152CB43056008932B6 /* GoogleSignInSwift */ = {
			isa = XCSwiftPackageProductDependency;
			package = 7275590F2CB42EEB008932B6 /* XCRemoteSwiftPackageReference "GoogleSignIn-iOS" */;
			productName = GoogleSignInSwift;
		};
/* End XCSwiftPackageProductDependency section */
	};
	rootObject = 723708722CAD827F00B5A577 /* Project object */;
}
